
Microsoft Visual Studio Solution File, Format Version 12.00
# Visual Studio Version 16
VisualStudioVersion = 16.0.31019.35
MinimumVisualStudioVersion = 10.0.40219.1
Project("{FAE04EC0-301F-11D3-BF4B-00C04F79EFBC}") = "Web410654156", "Web410654156\Web410654156.csproj", "{0E70FD17-1E07-42E4-8E78-53563F76D1BE}"
EndProject
Global
	GlobalSection(SolutionConfigurationPlatforms) = preSolution
		Debug|Any CPU = Debug|Any CPU
		Release|Any CPU = Release|Any CPU
	EndGlobalSection
	GlobalSection(ProjectConfigurationPlatforms) = postSolution
		{0E70FD17-1E07-42E4-8E78-53563F76D1BE}.Debug|Any CPU.ActiveCfg = Debug|Any CPU
		{0E70FD17-1E07-42E4-8E78-53563F76D1BE}.Debug|Any CPU.Build.0 = Debug|Any CPU
		{0E70FD17-1E07-42E4-8E78-53563F76D1BE}.Release|Any CPU.ActiveCfg = Release|Any CPU
		{0E70FD17-1E07-42E4-8E78-53563F76D1BE}.Release|Any CPU.Build.0 = Release|Any CPU
	EndGlobalSection
	GlobalSection(SolutionProperties) = preSolution
		HideSolutionNode = FALSE
	EndGlobalSection
	GlobalSection(ExtensibilityGlobals) = postSolution
		SolutionGuid = {D7B4A9C6-1CA5-4774-B2E6-FE311B5A176F}
	EndGlobalSection
EndGlobal
